
Microsoft Visual Studio Solution File, Format Version 12.00
# Visual Studio Version 16
VisualStudioVersion = 16.0.31205.134
MinimumVisualStudioVersion = 10.0.40219.1
Project("{9A19103F-16F7-4668-BE54-9A1E7A4F7556}") = "LyricaV3", "LyricaV3\LyricaV3.csproj", "{8A3A68DB-00B6-46B5-BDD9-E64AFF7D9067}"
EndProject
Global
	GlobalSection(SolutionConfigurationPlatforms) = preSolution
		Debug|Any CPU = Debug|Any CPU
		Release|Any CPU = Release|Any CPU
	EndGlobalSection
	GlobalSection(ProjectConfigurationPlatforms) = postSolution
		{8A3A68DB-00B6-46B5-BDD9-E64AFF7D9067}.Debug|Any CPU.ActiveCfg = Debug|Any CPU
		{8A3A68DB-00B6-46B5-BDD9-E64AFF7D9067}.Debug|Any CPU.Build.0 = Debug|Any CPU
		{8A3A68DB-00B6-46B5-BDD9-E64AFF7D9067}.Release|Any CPU.ActiveCfg = Release|Any CPU
		{8A3A68DB-00B6-46B5-BDD9-E64AFF7D9067}.Release|Any CPU.Build.0 = Release|Any CPU
	EndGlobalSection
	GlobalSection(SolutionProperties) = preSolution
		HideSolutionNode = FALSE
	EndGlobalSection
	GlobalSection(ExtensibilityGlobals) = postSolution
		SolutionGuid = {A780C74B-22BD-4623-9BD8-E2BDDB4C5CCB}
	EndGlobalSection
EndGlobal
